
Microsoft Visual Studio Solution File, Format Version 12.00
# Visual Studio Version 16
VisualStudioVersion = 16.0.29326.143
MinimumVisualStudioVersion = 10.0.40219.1
Project("{9A19103F-16F7-4668-BE54-9A1E7A4F7556}") = "mso final project", "mso final project\mso final project.csproj", "{713888A4-1C68-4266-B0E3-0F59707A36E9}"
EndProject
Project("{FAE04EC0-301F-11D3-BF4B-00C04F79EFBC}") = "mso final projectTests", "mso final projectTests\mso final projectTests.csproj", "{8C1E444B-EF32-4082-8D43-95B3A8104714}"
EndProject
Global
	GlobalSection(SolutionConfigurationPlatforms) = preSolution
		Debug|Any CPU = Debug|Any CPU
		Release|Any CPU = Release|Any CPU
	EndGlobalSection
	GlobalSection(ProjectConfigurationPlatforms) = postSolution
		{713888A4-1C68-4266-B0E3-0F59707A36E9}.Debug|Any CPU.ActiveCfg = Debug|Any CPU
		{713888A4-1C68-4266-B0E3-0F59707A36E9}.Debug|Any CPU.Build.0 = Debug|Any CPU
		{713888A4-1C68-4266-B0E3-0F59707A36E9}.Release|Any CPU.ActiveCfg = Release|Any CPU
		{713888A4-1C68-4266-B0E3-0F59707A36E9}.Release|Any CPU.Build.0 = Release|Any CPU
		{8C1E444B-EF32-4082-8D43-95B3A8104714}.Debug|Any CPU.ActiveCfg = Debug|Any CPU
		{8C1E444B-EF32-4082-8D43-95B3A8104714}.Debug|Any CPU.Build.0 = Debug|Any CPU
		{8C1E444B-EF32-4082-8D43-95B3A8104714}.Release|Any CPU.ActiveCfg = Release|Any CPU
		{8C1E444B-EF32-4082-8D43-95B3A8104714}.Release|Any CPU.Build.0 = Release|Any CPU
	EndGlobalSection
	GlobalSection(SolutionProperties) = preSolution
		HideSolutionNode = FALSE
	EndGlobalSection
	GlobalSection(ExtensibilityGlobals) = postSolution
		SolutionGuid = {1AD95AE4-BA85-4E22-9677-4085068ACC0B}
	EndGlobalSection
EndGlobal
